// !$*UTF8*$!
{
	archiveVersion = 1;
	classes = {
	};
	objectVersion = 46;
	objects = {

/* Begin PBXBuildFile section */
		848EFB6F1E87AB2200201B65 /* AppDelegate.swift in Sources */ = {isa = PBXBuildFile; fileRef = 848EFB6E1E87AB2200201B65 /* AppDelegate.swift */; };
		848EFB711E87AB2200201B65 /* ViewController.swift in Sources */ = {isa = PBXBuildFile; fileRef = 848EFB701E87AB2200201B65 /* ViewController.swift */; };
		848EFB741E87AB2200201B65 /* Main.storyboard in Resources */ = {isa = PBXBuildFile; fileRef = 848EFB721E87AB2200201B65 /* Main.storyboard */; };
		848EFB761E87AB2200201B65 /* Assets.xcassets in Resources */ = {isa = PBXBuildFile; fileRef = 848EFB751E87AB2200201B65 /* Assets.xcassets */; };
		848EFB791E87AB2200201B65 /* LaunchScreen.storyboard in Resources */ = {isa = PBXBuildFile; fileRef = 848EFB771E87AB2200201B65 /* LaunchScreen.storyboard */; };
/* End PBXBuildFile section */

/* Begin PBXFileReference section */
		848EFB6B1E87AB2200201B65 /* vkh.rps.app */ = {isa = PBXFileReference; explicitFileType = wrapper.application; includeInIndex = 0; path = vkh.rps.app; sourceTree = BUILT_PRODUCTS_DIR; };
		848EFB6E1E87AB2200201B65 /* AppDelegate.swift */ = {isa = PBXFileReference; lastKnownFileType = sourcecode.swift; path = AppDelegate.swift; sourceTree = "<group>"; };
		848EFB701E87AB2200201B65 /* ViewController.swift */ = {isa = PBXFileReference; lastKnownFileType = sourcecode.swift; path = ViewController.swift; sourceTree = "<group>"; };
		848EFB731E87AB2200201B65 /* Base */ = {isa = PBXFileReference; lastKnownFileType = file.storyboard; name = Base; path = Base.lproj/Main.storyboard; sourceTree = "<group>"; };
		848EFB751E87AB2200201B65 /* Assets.xcassets */ = {isa = PBXFileReference; lastKnownFileType = folder.assetcatalog; path = Assets.xcassets; sourceTree = "<group>"; };
		848EFB781E87AB2200201B65 /* Base */ = {isa = PBXFileReference; lastKnownFileType = file.storyboard; name = Base; path = Base.lproj/LaunchScreen.storyboard; sourceTree = "<group>"; };
		848EFB7A1E87AB2200201B65 /* Info.plist */ = {isa = PBXFileReference; lastKnownFileType = text.plist.xml; path = Info.plist; sourceTree = "<group>"; };
/* End PBXFileReference section */

/* Begin PBXFrameworksBuildPhase section */
		848EFB681E87AB2200201B65 /* Frameworks */ = {
			isa = PBXFrameworksBuildPhase;
			buildActionMask = 2147483647;
			files = (
			);
			runOnlyForDeploymentPostprocessing = 0;
		};
/* End PBXFrameworksBuildPhase section */

/* Begin PBXGroup section */
		848EFB621E87AB2200201B65 = {
			isa = PBXGroup;
			children = (
				848EFB6D1E87AB2200201B65 /* vkh.rps */,
				848EFB6C1E87AB2200201B65 /* Products */,
			);
			sourceTree = "<group>";
		};
		848EFB6C1E87AB2200201B65 /* Products */ = {
			isa = PBXGroup;
			children = (
				848EFB6B1E87AB2200201B65 /* vkh.rps.app */,
			);
			name = Products;
			sourceTree = "<group>";
		};
		848EFB6D1E87AB2200201B65 /* vkh.rps */ = {
			isa = PBXGroup;
			children = (
				848EFB6E1E87AB2200201B65 /* AppDelegate.swift */,
				848EFB701E87AB2200201B65 /* ViewController.swift */,
				848EFB721E87AB2200201B65 /* Main.storyboard */,
				848EFB751E87AB2200201B65 /* Assets.xcassets */,
				848EFB771E87AB2200201B65 /* LaunchScreen.storyboard */,
				848EFB7A1E87AB2200201B65 /* Info.plist */,
			);
			path = vkh.rps;
			sourceTree = "<group>";
		};
/* End PBXGroup section */

/* Begin PBXNativeTarget section */
		848EFB6A1E87AB2200201B65 /* vkh.rps */ = {
			isa = PBXNativeTarget;
			buildConfigurationList = 848EFB7D1E87AB2200201B65 /* Build configuration list for PBXNativeTarget "vkh.rps" */;
			buildPhases = (
				848EFB671E87AB2200201B65 /* Sources */,
				848EFB681E87AB2200201B65 /* Frameworks */,
				848EFB691E87AB2200201B65 /* Resources */,
			);
			buildRules = (
			);
			dependencies = (
			);
			name = vkh.rps;
			productName = vkh.rps;
			productReference = 848EFB6B1E87AB2200201B65 /* vkh.rps.app */;
			productType = "com.apple.product-type.application";
		};
/* End PBXNativeTarget section */

/* Begin PBXProject section */
		848EFB631E87AB2200201B65 /* Project object */ = {
			isa = PBXProject;
			attributes = {
				LastSwiftUpdateCheck = 0820;
				LastUpgradeCheck = 0820;
				ORGANIZATIONNAME = mbair;
				TargetAttributes = {
					848EFB6A1E87AB2200201B65 = {
						CreatedOnToolsVersion = 8.2.1;
						ProvisioningStyle = Automatic;
					};
				};
			};
			buildConfigurationList = 848EFB661E87AB2200201B65 /* Build configuration list for PBXProject "vkh.rps" */;
			compatibilityVersion = "Xcode 3.2";
			developmentRegion = English;
			hasScannedForEncodings = 0;
			knownRegions = (
				en,
				Base,
			);
			mainGroup = 848EFB621E87AB2200201B65;
			productRefGroup = 848EFB6C1E87AB2200201B65 /* Products */;
			projectDirPath = "";
			projectRoot = "";
			targets = (
				848EFB6A1E87AB2200201B65 /* vkh.rps */,
			);
		};
/* End PBXProject section */

/* Begin PBXResourcesBuildPhase section */
		848EFB691E87AB2200201B65 /* Resources */ = {
			isa = PBXResourcesBuildPhase;
			buildActionMask = 2147483647;
			files = (
				848EFB791E87AB2200201B65 /* LaunchScreen.storyboard in Resources */,
				848EFB761E87AB2200201B65 /* Assets.xcassets in Resources */,
				848EFB741E87AB2200201B65 /* Main.storyboard in Resources */,
			);
			runOnlyForDeploymentPostprocessing = 0;
		};
/* End PBXResourcesBuildPhase section */

/* Begin PBXSourcesBuildPhase section */
		848EFB671E87AB2200201B65 /* Sources */ = {
			isa = PBXSourcesBuildPhase;
			buildActionMask = 2147483647;
			files = (
				848EFB711E87AB2200201B65 /* ViewController.swift in Sources */,
				848EFB6F1E87AB2200201B65 /* AppDelegate.swift in Sources */,
			);
			runOnlyForDeploymentPostprocessing = 0;
		};
/* End PBXSourcesBuildPhase section */

/* Begin PBXVariantGroup section */
		848EFB721E87AB2200201B65 /* Main.storyboard */ = {
			isa = PBXVariantGroup;
			children = (
				848EFB731E87AB2200201B65 /* Base */,
			);
			name = Main.storyboard;
			sourceTree = "<group>";
		};
		848EFB771E87AB2200201B65 /* LaunchScreen.storyboard */ = {
			isa = PBXVariantGroup;
			children = (
				848EFB781E87AB2200201B65 /* Base */,
			);
			name = LaunchScreen.storyboard;
			sourceTree = "<group>";
		};
/* End PBXVariantGroup section */

/* Begin XCBuildConfiguration section */
		848EFB7B1E87AB2200201B65 /* Debug */ = {
			isa = XCBuildConfiguration;
			buildSettings = {
				ALWAYS_SEARCH_USER_PATHS = NO;
				CLANG_ANALYZER_NONNULL = YES;
				CLANG_CXX_LANGUAGE_STANDARD = "gnu++0x";
				CLANG_CXX_LIBRARY = "libc++";
				CLANG_ENABLE_MODULES = YES;
				CLANG_ENABLE_OBJC_ARC = YES;
				CLANG_WARN_BOOL_CONVERSION = YES;
				CLANG_WARN_CONSTANT_CONVERSION = YES;
				CLANG_WARN_DIRECT_OBJC_ISA_USAGE = YES_ERROR;
				CLANG_WARN_DOCUMENTATION_COMMENTS = YES;
				CLANG_WARN_EMPTY_BODY = YES;
				CLANG_WARN_ENUM_CONVERSION = YES;
				CLANG_WARN_INFINITE_RECURSION = YES;
				CLANG_WARN_INT_CONVERSION = YES;
				CLANG_WARN_OBJC_ROOT_CLASS = YES_ERROR;
				CLANG_WARN_SUSPICIOUS_MOVE = YES;
				CLANG_WARN_UNREACHABLE_CODE = YES;
				CLANG_WARN__DUPLICATE_METHOD_MATCH = YES;
				"CODE_SIGN_IDENTITY[sdk=iphoneos*]" = "iPhone Developer";
				COPY_PHASE_STRIP = NO;
				DEBUG_INFORMATION_FORMAT = dwarf;
				ENABLE_STRICT_OBJC_MSGSEND = YES;
				ENABLE_TESTABILITY = YES;
				GCC_C_LANGUAGE_STANDARD = gnu99;
				GCC_DYNAMIC_NO_PIC = NO;
				GCC_NO_COMMON_BLOCKS = YES;
				GCC_OPTIMIZATION_LEVEL = 0;
				GCC_PREPROCESSOR_DEFINITIONS = (
					"DEBUG=1",
					"$(inherited)",
				);
				GCC_WARN_64_TO_32_BIT_CONVERSION = YES;
				GCC_WARN_ABOUT_RETURN_TYPE = YES_ERROR;
				GCC_WARN_UNDECLARED_SELECTOR = YES;
				GCC_WARN_UNINITIALIZED_AUTOS = YES_AGGRESSIVE;
				GCC_WARN_UNUSED_FUNCTION = YES;
				GCC_WARN_UNUSED_VARIABLE = YES;
				IPHONEOS_DEPLOYMENT_TARGET = 10.2;
				MTL_ENABLE_DEBUG_INFO = YES;
				ONLY_ACTIVE_ARCH = YES;
				SDKROOT = iphoneos;
				SWIFT_ACTIVE_COMPILATION_CONDITIONS = DEBUG;
				SWIFT_OPTIMIZATION_LEVEL = "-Onone";
				TARGETED_DEVICE_FAMILY = "1,2";
			};
			name = Debug;
		};
		848EFB7C1E87AB2200201B65 /* Release */ = {
			isa = XCBuildConfiguration;
			buildSettings = {
				ALWAYS_SEARCH_USER_PATHS = NO;
				CLANG_ANALYZER_NONNULL = YES;
				CLANG_CXX_LANGUAGE_STANDARD = "gnu++0x";
				CLANG_CXX_LIBRARY = "libc++";
				CLANG_ENABLE_MODULES = YES;
				CLANG_ENABLE_OBJC_ARC = YES;
				CLANG_WARN_BOOL_CONVERSION = YES;
				CLANG_WARN_CONSTANT_CONVERSION = YES;
				CLANG_WARN_DIRECT_OBJC_ISA_USAGE = YES_ERROR;
				CLANG_WARN_DOCUMENTATION_COMMENTS = YES;
				CLANG_WARN_EMPTY_BODY = YES;
				CLANG_WARN_ENUM_CONVERSION = YES;
				CLANG_WARN_INFINITE_RECURSION = YES;
				CLANG_WARN_INT_CONVERSION = YES;
				CLANG_WARN_OBJC_ROOT_CLASS = YES_ERROR;
				CLANG_WARN_SUSPICIOUS_MOVE = YES;
				CLANG_WARN_UNREACHABLE_CODE = YES;
				CLANG_WARN__DUPLICATE_METHOD_MATCH = YES;
				"CODE_SIGN_IDENTITY[sdk=iphoneos*]" = "iPhone Developer";
				COPY_PHASE_STRIP = NO;
				DEBUG_INFORMATION_FORMAT = "dwarf-with-dsym";
				ENABLE_NS_ASSERTIONS = NO;
				ENABLE_STRICT_OBJC_MSGSEND = YES;
				GCC_C_LANGUAGE_STANDARD = gnu99;
				GCC_NO_COMMON_BLOCKS = YES;
				GCC_WARN_64_TO_32_BIT_CONVERSION = YES;
				GCC_WARN_ABOUT_RETURN_TYPE = YES_ERROR;
				GCC_WARN_UNDECLARED_SELECTOR = YES;
				GCC_WARN_UNINITIALIZED_AUTOS = YES_AGGRESSIVE;
				GCC_WARN_UNUSED_FUNCTION = YES;
				GCC_WARN_UNUSED_VARIABLE = YES;
				IPHONEOS_DEPLOYMENT_TARGET = 10.2;
				MTL_ENABLE_DEBUG_INFO = NO;
				SDKROOT = iphoneos;
				SWIFT_OPTIMIZATION_LEVEL = "-Owholemodule";
				TARGETED_DEVICE_FAMILY = "1,2";
				VALIDATE_PRODUCT = YES;
			};
			name = Release;
		};
		848EFB7E1E87AB2200201B65 /* Debug */ = {
			isa = XCBuildConfiguration;
			buildSettings = {
				ASSETCATALOG_COMPILER_APPICON_NAME = AppIcon;
				INFOPLIST_FILE = vkh.rps/Info.plist;
				LD_RUNPATH_SEARCH_PATHS = "$(inherited) @executable_path/Frameworks";
				PRODUCT_BUNDLE_IDENTIFIER = "com.mbair.vkh-rps";
				PRODUCT_NAME = "$(TARGET_NAME)";
				SWIFT_VERSION = 3.0;
			};
			name = Debug;
		};
		848EFB7F1E87AB2200201B65 /* Release */ = {
			isa = XCBuildConfiguration;
			buildSettings = {
				ASSETCATALOG_COMPILER_APPICON_NAME = AppIcon;
				INFOPLIST_FILE = vkh.rps/Info.plist;
				LD_RUNPATH_SEARCH_PATHS = "$(inherited) @executable_path/Frameworks";
				PRODUCT_BUNDLE_IDENTIFIER = "com.mbair.vkh-rps";
				PRODUCT_NAME = "$(TARGET_NAME)";
				SWIFT_VERSION = 3.0;
			};
			name = Release;
		};
/* End XCBuildConfiguration section */

/* Begin XCConfigurationList section */
		848EFB661E87AB2200201B65 /* Build configuration list for PBXProject "vkh.rps" */ = {
			isa = XCConfigurationList;
			buildConfigurations = (
				848EFB7B1E87AB2200201B65 /* Debug */,
				848EFB7C1E87AB2200201B65 /* Release */,
			);
			defaultConfigurationIsVisible = 0;
			defaultConfigurationName = Release;
		};
		848EFB7D1E87AB2200201B65 /* Build configuration list for PBXNativeTarget "vkh.rps" */ = {
			isa = XCConfigurationList;
			buildConfigurations = (
				848EFB7E1E87AB2200201B65 /* Debug */,
				848EFB7F1E87AB2200201B65 /* Release */,
			);
			defaultConfigurationIsVisible = 0;
		};
/* End XCConfigurationList section */
	};
	rootObject = 848EFB631E87AB2200201B65 /* Project object */;
}
